
Microsoft Visual Studio Solution File, Format Version 12.00
# Visual Studio Version 16
VisualStudioVersion = 16.0.30523.141
MinimumVisualStudioVersion = 10.0.40219.1
Project("{FAE04EC0-301F-11D3-BF4B-00C04F79EFBC}") = "FormApp0301", "FormApp0301\FormApp0301.csproj", "{14496043-EB8B-4C75-B568-08792798479B}"
EndProject
Global
	GlobalSection(SolutionConfigurationPlatforms) = preSolution
		Debug|Any CPU = Debug|Any CPU
		Release|Any CPU = Release|Any CPU
	EndGlobalSection
	GlobalSection(ProjectConfigurationPlatforms) = postSolution
		{14496043-EB8B-4C75-B568-08792798479B}.Debug|Any CPU.ActiveCfg = Debug|Any CPU
		{14496043-EB8B-4C75-B568-08792798479B}.Debug|Any CPU.Build.0 = Debug|Any CPU
		{14496043-EB8B-4C75-B568-08792798479B}.Release|Any CPU.ActiveCfg = Release|Any CPU
		{14496043-EB8B-4C75-B568-08792798479B}.Release|Any CPU.Build.0 = Release|Any CPU
	EndGlobalSection
	GlobalSection(SolutionProperties) = preSolution
		HideSolutionNode = FALSE
	EndGlobalSection
	GlobalSection(ExtensibilityGlobals) = postSolution
		SolutionGuid = {3264968D-AB6F-4ECA-AB56-4D73EC730C88}
	EndGlobalSection
EndGlobal
